
Microsoft Visual Studio Solution File, Format Version 12.00
# Visual Studio Version 17
VisualStudioVersion = 17.14.36811.4
MinimumVisualStudioVersion = 10.0.40219.1
Project("{FAE04EC0-301F-11D3-BF4B-00C04F79EFBC}") = "AutoWashPro.API", "AutoWashPro.API.csproj", "{62875E03-851C-0CE5-F83A-215E1E63E924}"
EndProject
Project("{FAE04EC0-301F-11D3-BF4B-00C04F79EFBC}") = "AutoWash.Domain", "..\AutoWash.Domain\AutoWash.Domain.csproj", "{FC9649C2-2EFE-4FE8-B810-BFC042625C79}"
EndProject
Project("{FAE04EC0-301F-11D3-BF4B-00C04F79EFBC}") = "AutoWash.Application", "..\AutoWash.Application\AutoWash.Application.csproj", "{9D6CBF47-44AC-47C2-8AD5-6B4F45FD6294}"
EndProject
Project("{FAE04EC0-301F-11D3-BF4B-00C04F79EFBC}") = "AutoWash.Infrastructure", "..\AutoWash.Infrastructure\AutoWash.Infrastructure.csproj", "{988DC452-EBEA-4433-8198-F0712C961211}"
EndProject
Project("{FAE04EC0-301F-11D3-BF4B-00C04F79EFBC}") = "AutoWash.Tests", "..\AutoWash.Tests\AutoWash.Tests.csproj", "{867E257F-0EC2-4969-AF43-E7620D2D6A66}"
EndProject
Global
	GlobalSection(SolutionConfigurationPlatforms) = preSolution
		Debug|Any CPU = Debug|Any CPU
		Debug|x64 = Debug|x64
		Debug|x86 = Debug|x86
		Release|Any CPU = Release|Any CPU
		Release|x64 = Release|x64
		Release|x86 = Release|x86
	EndGlobalSection
	GlobalSection(ProjectConfigurationPlatforms) = postSolution
		{62875E03-851C-0CE5-F83A-215E1E63E924}.Debug|Any CPU.ActiveCfg = Debug|Any CPU
		{62875E03-851C-0CE5-F83A-215E1E63E924}.Debug|Any CPU.Build.0 = Debug|Any CPU
		{62875E03-851C-0CE5-F83A-215E1E63E924}.Debug|x64.ActiveCfg = Debug|Any CPU
		{62875E03-851C-0CE5-F83A-215E1E63E924}.Debug|x64.Build.0 = Debug|Any CPU
		{62875E03-851C-0CE5-F83A-215E1E63E924}.Debug|x86.ActiveCfg = Debug|Any CPU
		{62875E03-851C-0CE5-F83A-215E1E63E924}.Debug|x86.Build.0 = Debug|Any CPU
		{62875E03-851C-0CE5-F83A-215E1E63E924}.Release|Any CPU.ActiveCfg = Release|Any CPU
		{62875E03-851C-0CE5-F83A-215E1E63E924}.Release|Any CPU.Build.0 = Release|Any CPU
		{62875E03-851C-0CE5-F83A-215E1E63E924}.Release|x64.ActiveCfg = Release|Any CPU
		{62875E03-851C-0CE5-F83A-215E1E63E924}.Release|x64.Build.0 = Release|Any CPU
		{62875E03-851C-0CE5-F83A-215E1E63E924}.Release|x86.ActiveCfg = Release|Any CPU
		{62875E03-851C-0CE5-F83A-215E1E63E924}.Release|x86.Build.0 = Release|Any CPU
		{FC9649C2-2EFE-4FE8-B810-BFC042625C79}.Debug|Any CPU.ActiveCfg = Debug|Any CPU
		{FC9649C2-2EFE-4FE8-B810-BFC042625C79}.Debug|Any CPU.Build.0 = Debug|Any CPU
		{FC9649C2-2EFE-4FE8-B810-BFC042625C79}.Debug|x64.ActiveCfg = Debug|Any CPU
		{FC9649C2-2EFE-4FE8-B810-BFC042625C79}.Debug|x64.Build.0 = Debug|Any CPU
		{FC9649C2-2EFE-4FE8-B810-BFC042625C79}.Debug|x86.ActiveCfg = Debug|Any CPU
		{FC9649C2-2EFE-4FE8-B810-BFC042625C79}.Debug|x86.Build.0 = Debug|Any CPU
		{FC9649C2-2EFE-4FE8-B810-BFC042625C79}.Release|Any CPU.ActiveCfg = Release|Any CPU
		{FC9649C2-2EFE-4FE8-B810-BFC042625C79}.Release|Any CPU.Build.0 = Release|Any CPU
		{FC9649C2-2EFE-4FE8-B810-BFC042625C79}.Release|x64.ActiveCfg = Release|Any CPU
		{FC9649C2-2EFE-4FE8-B810-BFC042625C79}.Release|x64.Build.0 = Release|Any CPU
		{FC9649C2-2EFE-4FE8-B810-BFC042625C79}.Release|x86.ActiveCfg = Release|Any CPU
		{FC9649C2-2EFE-4FE8-B810-BFC042625C79}.Release|x86.Build.0 = Release|Any CPU
		{9D6CBF47-44AC-47C2-8AD5-6B4F45FD6294}.Debug|Any CPU.ActiveCfg = Debug|Any CPU
		{9D6CBF47-44AC-47C2-8AD5-6B4F45FD6294}.Debug|Any CPU.Build.0 = Debug|Any CPU
		{9D6CBF47-44AC-47C2-8AD5-6B4F45FD6294}.Debug|x64.ActiveCfg = Debug|Any CPU
		{9D6CBF47-44AC-47C2-8AD5-6B4F45FD6294}.Debug|x64.Build.0 = Debug|Any CPU
		{9D6CBF47-44AC-47C2-8AD5-6B4F45FD6294}.Debug|x86.ActiveCfg = Debug|Any CPU
		{9D6CBF47-44AC-47C2-8AD5-6B4F45FD6294}.Debug|x86.Build.0 = Debug|Any CPU
		{9D6CBF47-44AC-47C2-8AD5-6B4F45FD6294}.Release|Any CPU.ActiveCfg = Release|Any CPU
		{9D6CBF47-44AC-47C2-8AD5-6B4F45FD6294}.Release|Any CPU.Build.0 = Release|Any CPU
		{9D6CBF47-44AC-47C2-8AD5-6B4F45FD6294}.Release|x64.ActiveCfg = Release|Any CPU
		{9D6CBF47-44AC-47C2-8AD5-6B4F45FD6294}.Release|x64.Build.0 = Release|Any CPU
		{9D6CBF47-44AC-47C2-8AD5-6B4F45FD6294}.Release|x86.ActiveCfg = Release|Any CPU
		{9D6CBF47-44AC-47C2-8AD5-6B4F45FD6294}.Release|x86.Build.0 = Release|Any CPU
		{988DC452-EBEA-4433-8198-F0712C961211}.Debug|Any CPU.ActiveCfg = Debug|Any CPU
		{988DC452-EBEA-4433-8198-F0712C961211}.Debug|Any CPU.Build.0 = Debug|Any CPU
		{988DC452-EBEA-4433-8198-F0712C961211}.Debug|x64.ActiveCfg = Debug|Any CPU
		{988DC452-EBEA-4433-8198-F0712C961211}.Debug|x64.Build.0 = Debug|Any CPU
		{988DC452-EBEA-4433-8198-F0712C961211}.Debug|x86.ActiveCfg = Debug|Any CPU
		{988DC452-EBEA-4433-8198-F0712C961211}.Debug|x86.Build.0 = Debug|Any CPU
		{988DC452-EBEA-4433-8198-F0712C961211}.Release|Any CPU.ActiveCfg = Release|Any CPU
		{988DC452-EBEA-4433-8198-F0712C961211}.Release|Any CPU.Build.0 = Release|Any CPU
		{988DC452-EBEA-4433-8198-F0712C961211}.Release|x64.ActiveCfg = Release|Any CPU
		{988DC452-EBEA-4433-8198-F0712C961211}.Release|x64.Build.0 = Release|Any CPU
		{988DC452-EBEA-4433-8198-F0712C961211}.Release|x86.ActiveCfg = Release|Any CPU
		{988DC452-EBEA-4433-8198-F0712C961211}.Release|x86.Build.0 = Release|Any CPU
		{867E257F-0EC2-4969-AF43-E7620D2D6A66}.Debug|Any CPU.ActiveCfg = Debug|Any CPU
		{867E257F-0EC2-4969-AF43-E7620D2D6A66}.Debug|Any CPU.Build.0 = Debug|Any CPU
		{867E257F-0EC2-4969-AF43-E7620D2D6A66}.Debug|x64.ActiveCfg = Debug|Any CPU
		{867E257F-0EC2-4969-AF43-E7620D2D6A66}.Debug|x64.Build.0 = Debug|Any CPU
		{867E257F-0EC2-4969-AF43-E7620D2D6A66}.Debug|x86.ActiveCfg = Debug|Any CPU
		{867E257F-0EC2-4969-AF43-E7620D2D6A66}.Debug|x86.Build.0 = Debug|Any CPU
		{867E257F-0EC2-4969-AF43-E7620D2D6A66}.Release|Any CPU.ActiveCfg = Release|Any CPU
		{867E257F-0EC2-4969-AF43-E7620D2D6A66}.Release|Any CPU.Build.0 = Release|Any CPU
		{867E257F-0EC2-4969-AF43-E7620D2D6A66}.Release|x64.ActiveCfg = Release|Any CPU
		{867E257F-0EC2-4969-AF43-E7620D2D6A66}.Release|x64.Build.0 = Release|Any CPU
		{867E257F-0EC2-4969-AF43-E7620D2D6A66}.Release|x86.ActiveCfg = Release|Any CPU
		{867E257F-0EC2-4969-AF43-E7620D2D6A66}.Release|x86.Build.0 = Release|Any CPU
	EndGlobalSection
	GlobalSection(SolutionProperties) = preSolution
		HideSolutionNode = FALSE
	EndGlobalSection
	GlobalSection(ExtensibilityGlobals) = postSolution
		SolutionGuid = {491BE467-848C-4B9D-93C8-307D7955967B}
	EndGlobalSection
EndGlobal
